// !$*UTF8*$!
{
	archiveVersion = 1;
	classes = {
	};
	objectVersion = 48;
	objects = {

/* Begin PBXBuildFile section */
		54865DCA200B69190097AB9D /* AppDelegate.m in Sources */ = {isa = PBXBuildFile; fileRef = 54865DC9200B69190097AB9D /* AppDelegate.m */; };
		54865DCD200B69190097AB9D /* ViewController.m in Sources */ = {isa = PBXBuildFile; fileRef = 54865DCC200B69190097AB9D /* ViewController.m */; };
		54865DD0200B69190097AB9D /* Main.storyboard in Resources */ = {isa = PBXBuildFile; fileRef = 54865DCE200B69190097AB9D /* Main.storyboard */; };
		54865DD2200B69190097AB9D /* Assets.xcassets in Resources */ = {isa = PBXBuildFile; fileRef = 54865DD1200B69190097AB9D /* Assets.xcassets */; };
		54865DD5200B69190097AB9D /* LaunchScreen.storyboard in Resources */ = {isa = PBXBuildFile; fileRef = 54865DD3200B69190097AB9D /* LaunchScreen.storyboard */; };
		54865DD8200B69190097AB9D /* main.m in Sources */ = {isa = PBXBuildFile; fileRef = 54865DD7200B69190097AB9D /* main.m */; };
		54865DE2200B69190097AB9D /* UIButton_____Tests.m in Sources */ = {isa = PBXBuildFile; fileRef = 54865DE1200B69190097AB9D /* UIButton_____Tests.m */; };
		54865DED200B69190097AB9D /* UIButton_____UITests.m in Sources */ = {isa = PBXBuildFile; fileRef = 54865DEC200B69190097AB9D /* UIButton_____UITests.m */; };
		54865DFE200B6A760097AB9D /* MyOwnTime.m in Sources */ = {isa = PBXBuildFile; fileRef = 54865DFD200B6A760097AB9D /* MyOwnTime.m */; };
		54865E01200B6B830097AB9D /* Date.m in Sources */ = {isa = PBXBuildFile; fileRef = 54865DFF200B6B820097AB9D /* Date.m */; };
		54865E06200B74730097AB9D /* ZQCountDownView.m in Sources */ = {isa = PBXBuildFile; fileRef = 54865E04200B74720097AB9D /* ZQCountDownView.m */; };
/* End PBXBuildFile section */

/* Begin PBXContainerItemProxy section */
		54865DDE200B69190097AB9D /* PBXContainerItemProxy */ = {
			isa = PBXContainerItemProxy;
			containerPortal = 54865DBD200B69190097AB9D /* Project object */;
			proxyType = 1;
			remoteGlobalIDString = 54865DC4200B69190097AB9D;
			remoteInfo = "UIButton倒计时设置";
		};
		54865DE9200B69190097AB9D /* PBXContainerItemProxy */ = {
			isa = PBXContainerItemProxy;
			containerPortal = 54865DBD200B69190097AB9D /* Project object */;
			proxyType = 1;
			remoteGlobalIDString = 54865DC4200B69190097AB9D;
			remoteInfo = "UIButton倒计时设置";
		};
/* End PBXContainerItemProxy section */

/* Begin PBXFileReference section */
		54865DC5200B69190097AB9D /* UIButton倒计时设置.app */ = {isa = PBXFileReference; explicitFileType = wrapper.application; includeInIndex = 0; path = "UIButton倒计时设置.app"; sourceTree = BUILT_PRODUCTS_DIR; };
		54865DC8200B69190097AB9D /* AppDelegate.h */ = {isa = PBXFileReference; lastKnownFileType = sourcecode.c.h; path = AppDelegate.h; sourceTree = "<group>"; };
		54865DC9200B69190097AB9D /* AppDelegate.m */ = {isa = PBXFileReference; lastKnownFileType = sourcecode.c.objc; path = AppDelegate.m; sourceTree = "<group>"; };
		54865DCB200B69190097AB9D /* ViewController.h */ = {isa = PBXFileReference; lastKnownFileType = sourcecode.c.h; path = ViewController.h; sourceTree = "<group>"; };
		54865DCC200B69190097AB9D /* ViewController.m */ = {isa = PBXFileReference; lastKnownFileType = sourcecode.c.objc; path = ViewController.m; sourceTree = "<group>"; };
		54865DCF200B69190097AB9D /* Base */ = {isa = PBXFileReference; lastKnownFileType = file.storyboard; name = Base; path = Base.lproj/Main.storyboard; sourceTree = "<group>"; };
		54865DD1200B69190097AB9D /* Assets.xcassets */ = {isa = PBXFileReference; lastKnownFileType = folder.assetcatalog; path = Assets.xcassets; sourceTree = "<group>"; };
		54865DD4200B69190097AB9D /* Base */ = {isa = PBXFileReference; lastKnownFileType = file.storyboard; name = Base; path = Base.lproj/LaunchScreen.storyboard; sourceTree = "<group>"; };
		54865DD6200B69190097AB9D /* Info.plist */ = {isa = PBXFileReference; lastKnownFileType = text.plist.xml; path = Info.plist; sourceTree = "<group>"; };
		54865DD7200B69190097AB9D /* main.m */ = {isa = PBXFileReference; lastKnownFileType = sourcecode.c.objc; path = main.m; sourceTree = "<group>"; };
		54865DDD200B69190097AB9D /* UIButton倒计时设置Tests.xctest */ = {isa = PBXFileReference; explicitFileType = wrapper.cfbundle; includeInIndex = 0; path = "UIButton倒计时设置Tests.xctest"; sourceTree = BUILT_PRODUCTS_DIR; };
		54865DE1200B69190097AB9D /* UIButton_____Tests.m */ = {isa = PBXFileReference; lastKnownFileType = sourcecode.c.objc; path = "UIButton_____Tests.m"; sourceTree = "<group>"; };
		54865DE3200B69190097AB9D /* Info.plist */ = {isa = PBXFileReference; lastKnownFileType = text.plist.xml; path = Info.plist; sourceTree = "<group>"; };
		54865DE8200B69190097AB9D /* UIButton倒计时设置UITests.xctest */ = {isa = PBXFileReference; explicitFileType = wrapper.cfbundle; includeInIndex = 0; path = "UIButton倒计时设置UITests.xctest"; sourceTree = BUILT_PRODUCTS_DIR; };
		54865DEC200B69190097AB9D /* UIButton_____UITests.m */ = {isa = PBXFileReference; lastKnownFileType = sourcecode.c.objc; path = "UIButton_____UITests.m"; sourceTree = "<group>"; };
		54865DEE200B69190097AB9D /* Info.plist */ = {isa = PBXFileReference; lastKnownFileType = text.plist.xml; path = Info.plist; sourceTree = "<group>"; };
		54865DFC200B6A760097AB9D /* MyOwnTime.h */ = {isa = PBXFileReference; lastKnownFileType = sourcecode.c.h; path = MyOwnTime.h; sourceTree = "<group>"; };
		54865DFD200B6A760097AB9D /* MyOwnTime.m */ = {isa = PBXFileReference; lastKnownFileType = sourcecode.c.objc; path = MyOwnTime.m; sourceTree = "<group>"; };
		54865DFF200B6B820097AB9D /* Date.m */ = {isa = PBXFileReference; fileEncoding = 4; lastKnownFileType = sourcecode.c.objc; path = Date.m; sourceTree = "<group>"; };
		54865E00200B6B830097AB9D /* Date.h */ = {isa = PBXFileReference; fileEncoding = 4; lastKnownFileType = sourcecode.c.h; path = Date.h; sourceTree = "<group>"; };
		54865E04200B74720097AB9D /* ZQCountDownView.m */ = {isa = PBXFileReference; fileEncoding = 4; lastKnownFileType = sourcecode.c.objc; path = ZQCountDownView.m; sourceTree = "<group>"; };
		54865E05200B74720097AB9D /* ZQCountDownView.h */ = {isa = PBXFileReference; fileEncoding = 4; lastKnownFileType = sourcecode.c.h; path = ZQCountDownView.h; sourceTree = "<group>"; };
/* End PBXFileReference section */

/* Begin PBXFrameworksBuildPhase section */
		54865DC2200B69190097AB9D /* Frameworks */ = {
			isa = PBXFrameworksBuildPhase;
			buildActionMask = 2147483647;
			files = (
			);
			runOnlyForDeploymentPostprocessing = 0;
		};
		54865DDA200B69190097AB9D /* Frameworks */ = {
			isa = PBXFrameworksBuildPhase;
			buildActionMask = 2147483647;
			files = (
			);
			runOnlyForDeploymentPostprocessing = 0;
		};
		54865DE5200B69190097AB9D /* Frameworks */ = {
			isa = PBXFrameworksBuildPhase;
			buildActionMask = 2147483647;
			files = (
			);
			runOnlyForDeploymentPostprocessing = 0;
		};
/* End PBXFrameworksBuildPhase section */

/* Begin PBXGroup section */
		54865DBC200B69190097AB9D = {
			isa = PBXGroup;
			children = (
				54865DC7200B69190097AB9D /* UIButton倒计时设置 */,
				54865DE0200B69190097AB9D /* UIButton倒计时设置Tests */,
				54865DEB200B69190097AB9D /* UIButton倒计时设置UITests */,
				54865DC6200B69190097AB9D /* Products */,
			);
			sourceTree = "<group>";
		};
		54865DC6200B69190097AB9D /* Products */ = {
			isa = PBXGroup;
			children = (
				54865DC5200B69190097AB9D /* UIButton倒计时设置.app */,
				54865DDD200B69190097AB9D /* UIButton倒计时设置Tests.xctest */,
				54865DE8200B69190097AB9D /* UIButton倒计时设置UITests.xctest */,
			);
			name = Products;
			sourceTree = "<group>";
		};
		54865DC7200B69190097AB9D /* UIButton倒计时设置 */ = {
			isa = PBXGroup;
			children = (
				54865E05200B74720097AB9D /* ZQCountDownView.h */,
				54865E04200B74720097AB9D /* ZQCountDownView.m */,
				54865E00200B6B830097AB9D /* Date.h */,
				54865DFF200B6B820097AB9D /* Date.m */,
				54865DC8200B69190097AB9D /* AppDelegate.h */,
				54865DC9200B69190097AB9D /* AppDelegate.m */,
				54865DCB200B69190097AB9D /* ViewController.h */,
				54865DCC200B69190097AB9D /* ViewController.m */,
				54865DCE200B69190097AB9D /* Main.storyboard */,
				54865DD1200B69190097AB9D /* Assets.xcassets */,
				54865DD3200B69190097AB9D /* LaunchScreen.storyboard */,
				54865DD6200B69190097AB9D /* Info.plist */,
				54865DD7200B69190097AB9D /* main.m */,
				54865DFC200B6A760097AB9D /* MyOwnTime.h */,
				54865DFD200B6A760097AB9D /* MyOwnTime.m */,
			);
			path = "UIButton倒计时设置";
			sourceTree = "<group>";
		};
		54865DE0200B69190097AB9D /* UIButton倒计时设置Tests */ = {
			isa = PBXGroup;
			children = (
				54865DE1200B69190097AB9D /* UIButton_____Tests.m */,
				54865DE3200B69190097AB9D /* Info.plist */,
			);
			path = "UIButton倒计时设置Tests";
			sourceTree = "<group>";
		};
		54865DEB200B69190097AB9D /* UIButton倒计时设置UITests */ = {
			isa = PBXGroup;
			children = (
				54865DEC200B69190097AB9D /* UIButton_____UITests.m */,
				54865DEE200B69190097AB9D /* Info.plist */,
			);
			path = "UIButton倒计时设置UITests";
			sourceTree = "<group>";
		};
/* End PBXGroup section */

/* Begin PBXNativeTarget section */
		54865DC4200B69190097AB9D /* UIButton倒计时设置 */ = {
			isa = PBXNativeTarget;
			buildConfigurationList = 54865DF1200B69190097AB9D /* Build configuration list for PBXNativeTarget "UIButton倒计时设置" */;
			buildPhases = (
				54865DC1200B69190097AB9D /* Sources */,
				54865DC2200B69190097AB9D /* Frameworks */,
				54865DC3200B69190097AB9D /* Resources */,
			);
			buildRules = (
			);
			dependencies = (
			);
			name = "UIButton倒计时设置";
			productName = "UIButton倒计时设置";
			productReference = 54865DC5200B69190097AB9D /* UIButton倒计时设置.app */;
			productType = "com.apple.product-type.application";
		};
		54865DDC200B69190097AB9D /* UIButton倒计时设置Tests */ = {
			isa = PBXNativeTarget;
			buildConfigurationList = 54865DF4200B69190097AB9D /* Build configuration list for PBXNativeTarget "UIButton倒计时设置Tests" */;
			buildPhases = (
				54865DD9200B69190097AB9D /* Sources */,
				54865DDA200B69190097AB9D /* Frameworks */,
				54865DDB200B69190097AB9D /* Resources */,
			);
			buildRules = (
			);
			dependencies = (
				54865DDF200B69190097AB9D /* PBXTargetDependency */,
			);
			name = "UIButton倒计时设置Tests";
			productName = "UIButton倒计时设置Tests";
			productReference = 54865DDD200B69190097AB9D /* UIButton倒计时设置Tests.xctest */;
			productType = "com.apple.product-type.bundle.unit-test";
		};
		54865DE7200B69190097AB9D /* UIButton倒计时设置UITests */ = {
			isa = PBXNativeTarget;
			buildConfigurationList = 54865DF7200B69190097AB9D /* Build configuration list for PBXNativeTarget "UIButton倒计时设置UITests" */;
			buildPhases = (
				54865DE4200B69190097AB9D /* Sources */,
				54865DE5200B69190097AB9D /* Frameworks */,
				54865DE6200B69190097AB9D /* Resources */,
			);
			buildRules = (
			);
			dependencies = (
				54865DEA200B69190097AB9D /* PBXTargetDependency */,
			);
			name = "UIButton倒计时设置UITests";
			productName = "UIButton倒计时设置UITests";
			productReference = 54865DE8200B69190097AB9D /* UIButton倒计时设置UITests.xctest */;
			productType = "com.apple.product-type.bundle.ui-testing";
		};
/* End PBXNativeTarget section */

/* Begin PBXProject section */
		54865DBD200B69190097AB9D /* Project object */ = {
			isa = PBXProject;
			attributes = {
				LastUpgradeCheck = 0920;
				ORGANIZATIONNAME = "刘渊";
				TargetAttributes = {
					54865DC4200B69190097AB9D = {
						CreatedOnToolsVersion = 9.2;
						ProvisioningStyle = Automatic;
					};
					54865DDC200B69190097AB9D = {
						CreatedOnToolsVersion = 9.2;
						ProvisioningStyle = Automatic;
						TestTargetID = 54865DC4200B69190097AB9D;
					};
					54865DE7200B69190097AB9D = {
						CreatedOnToolsVersion = 9.2;
						ProvisioningStyle = Automatic;
						TestTargetID = 54865DC4200B69190097AB9D;
					};
				};
			};
			buildConfigurationList = 54865DC0200B69190097AB9D /* Build configuration list for PBXProject "UIButton倒计时设置" */;
			compatibilityVersion = "Xcode 8.0";
			developmentRegion = en;
			hasScannedForEncodings = 0;
			knownRegions = (
				en,
				Base,
			);
			mainGroup = 54865DBC200B69190097AB9D;
			productRefGroup = 54865DC6200B69190097AB9D /* Products */;
			projectDirPath = "";
			projectRoot = "";
			targets = (
				54865DC4200B69190097AB9D /* UIButton倒计时设置 */,
				54865DDC200B69190097AB9D /* UIButton倒计时设置Tests */,
				54865DE7200B69190097AB9D /* UIButton倒计时设置UITests */,
			);
		};
/* End PBXProject section */

/* Begin PBXResourcesBuildPhase section */
		54865DC3200B69190097AB9D /* Resources */ = {
			isa = PBXResourcesBuildPhase;
			buildActionMask = 2147483647;
			files = (
				54865DD5200B69190097AB9D /* LaunchScreen.storyboard in Resources */,
				54865DD2200B69190097AB9D /* Assets.xcassets in Resources */,
				54865DD0200B69190097AB9D /* Main.storyboard in Resources */,
			);
			runOnlyForDeploymentPostprocessing = 0;
		};
		54865DDB200B69190097AB9D /* Resources */ = {
			isa = PBXResourcesBuildPhase;
			buildActionMask = 2147483647;
			files = (
			);
			runOnlyForDeploymentPostprocessing = 0;
		};
		54865DE6200B69190097AB9D /* Resources */ = {
			isa = PBXResourcesBuildPhase;
			buildActionMask = 2147483647;
			files = (
			);
			runOnlyForDeploymentPostprocessing = 0;
		};
/* End PBXResourcesBuildPhase section */

/* Begin PBXSourcesBuildPhase section */
		54865DC1200B69190097AB9D /* Sources */ = {
			isa = PBXSourcesBuildPhase;
			buildActionMask = 2147483647;
			files = (
				54865E01200B6B830097AB9D /* Date.m in Sources */,
				54865DCD200B69190097AB9D /* ViewController.m in Sources */,
				54865DD8200B69190097AB9D /* main.m in Sources */,
				54865E06200B74730097AB9D /* ZQCountDownView.m in Sources */,
				54865DCA200B69190097AB9D /* AppDelegate.m in Sources */,
				54865DFE200B6A760097AB9D /* MyOwnTime.m in Sources */,
			);
			runOnlyForDeploymentPostprocessing = 0;
		};
		54865DD9200B69190097AB9D /* Sources */ = {
			isa = PBXSourcesBuildPhase;
			buildActionMask = 2147483647;
			files = (
				54865DE2200B69190097AB9D /* UIButton_____Tests.m in Sources */,
			);
			runOnlyForDeploymentPostprocessing = 0;
		};
		54865DE4200B69190097AB9D /* Sources */ = {
			isa = PBXSourcesBuildPhase;
			buildActionMask = 2147483647;
			files = (
				54865DED200B69190097AB9D /* UIButton_____UITests.m in Sources */,
			);
			runOnlyForDeploymentPostprocessing = 0;
		};
/* End PBXSourcesBuildPhase section */

/* Begin PBXTargetDependency section */
		54865DDF200B69190097AB9D /* PBXTargetDependency */ = {
			isa = PBXTargetDependency;
			target = 54865DC4200B69190097AB9D /* UIButton倒计时设置 */;
			targetProxy = 54865DDE200B69190097AB9D /* PBXContainerItemProxy */;
		};
		54865DEA200B69190097AB9D /* PBXTargetDependency */ = {
			isa = PBXTargetDependency;
			target = 54865DC4200B69190097AB9D /* UIButton倒计时设置 */;
			targetProxy = 54865DE9200B69190097AB9D /* PBXContainerItemProxy */;
		};
/* End PBXTargetDependency section */

/* Begin PBXVariantGroup section */
		54865DCE200B69190097AB9D /* Main.storyboard */ = {
			isa = PBXVariantGroup;
			children = (
				54865DCF200B69190097AB9D /* Base */,
			);
			name = Main.storyboard;
			sourceTree = "<group>";
		};
		54865DD3200B69190097AB9D /* LaunchScreen.storyboard */ = {
			isa = PBXVariantGroup;
			children = (
				54865DD4200B69190097AB9D /* Base */,
			);
			name = LaunchScreen.storyboard;
			sourceTree = "<group>";
		};
/* End PBXVariantGroup section */

/* Begin XCBuildConfiguration section */
		54865DEF200B69190097AB9D /* Debug */ = {
			isa = XCBuildConfiguration;
			buildSettings = {
				ALWAYS_SEARCH_USER_PATHS = NO;
				CLANG_ANALYZER_NONNULL = YES;
				CLANG_ANALYZER_NUMBER_OBJECT_CONVERSION = YES_AGGRESSIVE;
				CLANG_CXX_LANGUAGE_STANDARD = "gnu++14";
				CLANG_CXX_LIBRARY = "libc++";
				CLANG_ENABLE_MODULES = YES;
				CLANG_ENABLE_OBJC_ARC = YES;
				CLANG_WARN_BLOCK_CAPTURE_AUTORELEASING = YES;
				CLANG_WARN_BOOL_CONVERSION = YES;
				CLANG_WARN_COMMA = YES;
				CLANG_WARN_CONSTANT_CONVERSION = YES;
				CLANG_WARN_DIRECT_OBJC_ISA_USAGE = YES_ERROR;
				CLANG_WARN_DOCUMENTATION_COMMENTS = YES;
				CLANG_WARN_EMPTY_BODY = YES;
				CLANG_WARN_ENUM_CONVERSION = YES;
				CLANG_WARN_INFINITE_RECURSION = YES;
				CLANG_WARN_INT_CONVERSION = YES;
				CLANG_WARN_NON_LITERAL_NULL_CONVERSION = YES;
				CLANG_WARN_OBJC_LITERAL_CONVERSION = YES;
				CLANG_WARN_OBJC_ROOT_CLASS = YES_ERROR;
				CLANG_WARN_RANGE_LOOP_ANALYSIS = YES;
				CLANG_WARN_STRICT_PROTOTYPES = YES;
				CLANG_WARN_SUSPICIOUS_MOVE = YES;
				CLANG_WARN_UNGUARDED_AVAILABILITY = YES_AGGRESSIVE;
				CLANG_WARN_UNREACHABLE_CODE = YES;
				CLANG_WARN__DUPLICATE_METHOD_MATCH = YES;
				CODE_SIGN_IDENTITY = "iPhone Developer";
				COPY_PHASE_STRIP = NO;
				DEBUG_INFORMATION_FORMAT = dwarf;
				ENABLE_STRICT_OBJC_MSGSEND = YES;
				ENABLE_TESTABILITY = YES;
				GCC_C_LANGUAGE_STANDARD = gnu11;
				GCC_DYNAMIC_NO_PIC = NO;
				GCC_NO_COMMON_BLOCKS = YES;
				GCC_OPTIMIZATION_LEVEL = 0;
				GCC_PREPROCESSOR_DEFINITIONS = (
					"DEBUG=1",
					"$(inherited)",
				);
				GCC_WARN_64_TO_32_BIT_CONVERSION = YES;
				GCC_WARN_ABOUT_RETURN_TYPE = YES_ERROR;
				GCC_WARN_UNDECLARED_SELECTOR = YES;
				GCC_WARN_UNINITIALIZED_AUTOS = YES_AGGRESSIVE;
				GCC_WARN_UNUSED_FUNCTION = YES;
				GCC_WARN_UNUSED_VARIABLE = YES;
				IPHONEOS_DEPLOYMENT_TARGET = 11.2;
				MTL_ENABLE_DEBUG_INFO = YES;
				ONLY_ACTIVE_ARCH = YES;
				SDKROOT = iphoneos;
			};
			name = Debug;
		};
		54865DF0200B69190097AB9D /* Release */ = {
			isa = XCBuildConfiguration;
			buildSettings = {
				ALWAYS_SEARCH_USER_PATHS = NO;
				CLANG_ANALYZER_NONNULL = YES;
				CLANG_ANALYZER_NUMBER_OBJECT_CONVERSION = YES_AGGRESSIVE;
				CLANG_CXX_LANGUAGE_STANDARD = "gnu++14";
				CLANG_CXX_LIBRARY = "libc++";
				CLANG_ENABLE_MODULES = YES;
				CLANG_ENABLE_OBJC_ARC = YES;
				CLANG_WARN_BLOCK_CAPTURE_AUTORELEASING = YES;
				CLANG_WARN_BOOL_CONVERSION = YES;
				CLANG_WARN_COMMA = YES;
				CLANG_WARN_CONSTANT_CONVERSION = YES;
				CLANG_WARN_DIRECT_OBJC_ISA_USAGE = YES_ERROR;
				CLANG_WARN_DOCUMENTATION_COMMENTS = YES;
				CLANG_WARN_EMPTY_BODY = YES;
				CLANG_WARN_ENUM_CONVERSION = YES;
				CLANG_WARN_INFINITE_RECURSION = YES;
				CLANG_WARN_INT_CONVERSION = YES;
				CLANG_WARN_NON_LITERAL_NULL_CONVERSION = YES;
				CLANG_WARN_OBJC_LITERAL_CONVERSION = YES;
				CLANG_WARN_OBJC_ROOT_CLASS = YES_ERROR;
				CLANG_WARN_RANGE_LOOP_ANALYSIS = YES;
				CLANG_WARN_STRICT_PROTOTYPES = YES;
				CLANG_WARN_SUSPICIOUS_MOVE = YES;
				CLANG_WARN_UNGUARDED_AVAILABILITY = YES_AGGRESSIVE;
				CLANG_WARN_UNREACHABLE_CODE = YES;
				CLANG_WARN__DUPLICATE_METHOD_MATCH = YES;
				CODE_SIGN_IDENTITY = "iPhone Developer";
				COPY_PHASE_STRIP = NO;
				DEBUG_INFORMATION_FORMAT = "dwarf-with-dsym";
				ENABLE_NS_ASSERTIONS = NO;
				ENABLE_STRICT_OBJC_MSGSEND = YES;
				GCC_C_LANGUAGE_STANDARD = gnu11;
				GCC_NO_COMMON_BLOCKS = YES;
				GCC_WARN_64_TO_32_BIT_CONVERSION = YES;
				GCC_WARN_ABOUT_RETURN_TYPE = YES_ERROR;
				GCC_WARN_UNDECLARED_SELECTOR = YES;
				GCC_WARN_UNINITIALIZED_AUTOS = YES_AGGRESSIVE;
				GCC_WARN_UNUSED_FUNCTION = YES;
				GCC_WARN_UNUSED_VARIABLE = YES;
				IPHONEOS_DEPLOYMENT_TARGET = 11.2;
				MTL_ENABLE_DEBUG_INFO = NO;
				SDKROOT = iphoneos;
				VALIDATE_PRODUCT = YES;
			};
			name = Release;
		};
		54865DF2200B69190097AB9D /* Debug */ = {
			isa = XCBuildConfiguration;
			buildSettings = {
				ASSETCATALOG_COMPILER_APPICON_NAME = AppIcon;
				"CODE_SIGN_IDENTITY[sdk=iphoneos*]" = "iPhone Developer";
				CODE_SIGN_STYLE = Automatic;
				DEVELOPMENT_TEAM = 4SYEQDQSW5;
				INFOPLIST_FILE = "UIButton倒计时设置/Info.plist";
				LD_RUNPATH_SEARCH_PATHS = "$(inherited) @executable_path/Frameworks";
				PRODUCT_BUNDLE_IDENTIFIER = "-.UIButton-----";
				PRODUCT_NAME = "$(TARGET_NAME)";
				PROVISIONING_PROFILE_SPECIFIER = "";
				TARGETED_DEVICE_FAMILY = "1,2";
			};
			name = Debug;
		};
		54865DF3200B69190097AB9D /* Release */ = {
			isa = XCBuildConfiguration;
			buildSettings = {
				ASSETCATALOG_COMPILER_APPICON_NAME = AppIcon;
				"CODE_SIGN_IDENTITY[sdk=iphoneos*]" = "iPhone Developer";
				CODE_SIGN_STYLE = Automatic;
				DEVELOPMENT_TEAM = 4SYEQDQSW5;
				INFOPLIST_FILE = "UIButton倒计时设置/Info.plist";
				LD_RUNPATH_SEARCH_PATHS = "$(inherited) @executable_path/Frameworks";
				PRODUCT_BUNDLE_IDENTIFIER = "-.UIButton-----";
				PRODUCT_NAME = "$(TARGET_NAME)";
				PROVISIONING_PROFILE_SPECIFIER = "";
				TARGETED_DEVICE_FAMILY = "1,2";
			};
			name = Release;
		};
		54865DF5200B69190097AB9D /* Debug */ = {
			isa = XCBuildConfiguration;
			buildSettings = {
				BUNDLE_LOADER = "$(TEST_HOST)";
				CODE_SIGN_STYLE = Automatic;
				INFOPLIST_FILE = "UIButton倒计时设置Tests/Info.plist";
				LD_RUNPATH_SEARCH_PATHS = "$(inherited) @executable_path/Frameworks @loader_path/Frameworks";
				PRODUCT_BUNDLE_IDENTIFIER = "-.UIButton-----Tests";
				PRODUCT_NAME = "$(TARGET_NAME)";
				TARGETED_DEVICE_FAMILY = "1,2";
				TEST_HOST = "$(BUILT_PRODUCTS_DIR)/UIButton倒计时设置.app/UIButton倒计时设置";
			};
			name = Debug;
		};
		54865DF6200B69190097AB9D /* Release */ = {
			isa = XCBuildConfiguration;
			buildSettings = {
				BUNDLE_LOADER = "$(TEST_HOST)";
				CODE_SIGN_STYLE = Automatic;
				INFOPLIST_FILE = "UIButton倒计时设置Tests/Info.plist";
				LD_RUNPATH_SEARCH_PATHS = "$(inherited) @executable_path/Frameworks @loader_path/Frameworks";
				PRODUCT_BUNDLE_IDENTIFIER = "-.UIButton-----Tests";
				PRODUCT_NAME = "$(TARGET_NAME)";
				TARGETED_DEVICE_FAMILY = "1,2";
				TEST_HOST = "$(BUILT_PRODUCTS_DIR)/UIButton倒计时设置.app/UIButton倒计时设置";
			};
			name = Release;
		};
		54865DF8200B69190097AB9D /* Debug */ = {
			isa = XCBuildConfiguration;
			buildSettings = {
				CODE_SIGN_STYLE = Automatic;
				INFOPLIST_FILE = "UIButton倒计时设置UITests/Info.plist";
				LD_RUNPATH_SEARCH_PATHS = "$(inherited) @executable_path/Frameworks @loader_path/Frameworks";
				PRODUCT_BUNDLE_IDENTIFIER = "-.UIButton-----UITests";
				PRODUCT_NAME = "$(TARGET_NAME)";
				TARGETED_DEVICE_FAMILY = "1,2";
				TEST_TARGET_NAME = "UIButton倒计时设置";
			};
			name = Debug;
		};
		54865DF9200B69190097AB9D /* Release */ = {
			isa = XCBuildConfiguration;
			buildSettings = {
				CODE_SIGN_STYLE = Automatic;
				INFOPLIST_FILE = "UIButton倒计时设置UITests/Info.plist";
				LD_RUNPATH_SEARCH_PATHS = "$(inherited) @executable_path/Frameworks @loader_path/Frameworks";
				PRODUCT_BUNDLE_IDENTIFIER = "-.UIButton-----UITests";
				PRODUCT_NAME = "$(TARGET_NAME)";
				TARGETED_DEVICE_FAMILY = "1,2";
				TEST_TARGET_NAME = "UIButton倒计时设置";
			};
			name = Release;
		};
/* End XCBuildConfiguration section */

/* Begin XCConfigurationList section */
		54865DC0200B69190097AB9D /* Build configuration list for PBXProject "UIButton倒计时设置" */ = {
			isa = XCConfigurationList;
			buildConfigurations = (
				54865DEF200B69190097AB9D /* Debug */,
				54865DF0200B69190097AB9D /* Release */,
			);
			defaultConfigurationIsVisible = 0;
			defaultConfigurationName = Release;
		};
		54865DF1200B69190097AB9D /* Build configuration list for PBXNativeTarget "UIButton倒计时设置" */ = {
			isa = XCConfigurationList;
			buildConfigurations = (
				54865DF2200B69190097AB9D /* Debug */,
				54865DF3200B69190097AB9D /* Release */,
			);
			defaultConfigurationIsVisible = 0;
			defaultConfigurationName = Release;
		};
		54865DF4200B69190097AB9D /* Build configuration list for PBXNativeTarget "UIButton倒计时设置Tests" */ = {
			isa = XCConfigurationList;
			buildConfigurations = (
				54865DF5200B69190097AB9D /* Debug */,
				54865DF6200B69190097AB9D /* Release */,
			);
			defaultConfigurationIsVisible = 0;
			defaultConfigurationName = Release;
		};
		54865DF7200B69190097AB9D /* Build configuration list for PBXNativeTarget "UIButton倒计时设置UITests" */ = {
			isa = XCConfigurationList;
			buildConfigurations = (
				54865DF8200B69190097AB9D /* Debug */,
				54865DF9200B69190097AB9D /* Release */,
			);
			defaultConfigurationIsVisible = 0;
			defaultConfigurationName = Release;
		};
/* End XCConfigurationList section */
	};
	rootObject = 54865DBD200B69190097AB9D /* Project object */;
}
